# THIS IS AN AUTOGENERATED FILE. DO NOT EDIT THIS FILE DIRECTLY.
# yarn lockfile v1


ejs@2.5.x:
  version "2.5.9"
  resolved "https://registry.yarnpkg.com/ejs/-/ejs-2.5.9.tgz#7ba254582a560d267437109a68354112475b0ce5"
  integrity sha512-GJCAeDBKfREgkBtgrYSf9hQy9kTb3helv0zGdzqhM7iAkW8FA/ZF97VQDbwFiwIT8MQLLOe5VlPZOEvZAqtUAQ==

"sequent@>= 0.1.2":
  version "0.1.2"
  resolved "https://registry.yarnpkg.com/sequent/-/sequent-0.1.2.tgz#f2f61b19c93cbb5735e3821c98c15fb7f1ceb6be"
  integrity sha1-8vYbGck8u1c144IcmMFft/HOtr4=
